
Microsoft Visual Studio Solution File, Format Version 12.00
# Visual Studio 15
VisualStudioVersion = 15.0.27130.2027
MinimumVisualStudioVersion = 10.0.40219.1
Project("{FAE04EC0-301F-11D3-BF4B-00C04F79EFBC}") = "ConsoleApp1", "ConsoleApp1\ConsoleApp1.csproj", "{654DC0EB-3909-48EC-8474-7B39E9991B9A}"
EndProject
Global
	GlobalSection(SolutionConfigurationPlatforms) = preSolution
		Debug|Any CPU = Debug|Any CPU
		Release|Any CPU = Release|Any CPU
	EndGlobalSection
	GlobalSection(ProjectConfigurationPlatforms) = postSolution
		{654DC0EB-3909-48EC-8474-7B39E9991B9A}.Debug|Any CPU.ActiveCfg = Debug|Any CPU
		{654DC0EB-3909-48EC-8474-7B39E9991B9A}.Debug|Any CPU.Build.0 = Debug|Any CPU
		{654DC0EB-3909-48EC-8474-7B39E9991B9A}.Release|Any CPU.ActiveCfg = Release|Any CPU
		{654DC0EB-3909-48EC-8474-7B39E9991B9A}.Release|Any CPU.Build.0 = Release|Any CPU
	EndGlobalSection
	GlobalSection(SolutionProperties) = preSolution
		HideSolutionNode = FALSE
	EndGlobalSection
	GlobalSection(ExtensibilityGlobals) = postSolution
		SolutionGuid = {2662D62A-0B41-416C-AFE7-F4077546304F}
	EndGlobalSection
EndGlobal
